# THIS IS AN AUTOGENERATED FILE. DO NOT EDIT THIS FILE DIRECTLY.
# yarn lockfile v1


"@babel/code-frame@7.0.0-beta.56":
  version "7.0.0-beta.56"
  resolved "https://registry.yarnpkg.com/@babel/code-frame/-/code-frame-7.0.0-beta.56.tgz#09f76300673ac085d3b90e02aafa0ffc2c96846a"
  dependencies:
    "@babel/highlight" "7.0.0-beta.56"

"@babel/core@^7.0.0-beta.56":
  version "7.0.0-beta.56"
  resolved "https://registry.yarnpkg.com/@babel/core/-/core-7.0.0-beta.56.tgz#cc03ffbb62564fef58fd1cefcbb3e32011c21df9"
  dependencies:
    "@babel/code-frame" "7.0.0-beta.56"
    "@babel/generator" "7.0.0-beta.56"
    "@babel/helpers" "7.0.0-beta.56"
    "@babel/parser" "7.0.0-beta.56"
    "@babel/template" "7.0.0-beta.56"
    "@babel/traverse" "7.0.0-beta.56"
    "@babel/types" "7.0.0-beta.56"
    convert-source-map "^1.1.0"
    debug "^3.1.0"
    json5 "^0.5.0"
    lodash "^4.17.10"
    resolve "^1.3.2"
    semver "^5.4.1"
    source-map "^0.5.0"

"@babel/generator@7.0.0-beta.56":
  version "7.0.0-beta.56"
  resolved "https://registry.yarnpkg.com/@babel/generator/-/generator-7.0.0-beta.56.tgz#07d9c2f45990c453130e080eddcd252a9cbd8d66"
  dependencies:
    "@babel/types" "7.0.0-beta.56"
    jsesc "^2.5.1"
    lodash "^4.17.10"
    source-map "^0.5.0"
    trim-right "^1.0.1"

"@babel/helper-function-name@7.0.0-beta.56":
  version "7.0.0-beta.56"
  resolved "https://registry.yarnpkg.com/@babel/helper-function-name/-/helper-function-name-7.0.0-beta.56.tgz#4e9c8a84ce4368b4a779409d0c4fe3f714be60ab"
  dependencies:
    "@babel/helper-get-function-arity" "7.0.0-beta.56"
    "@babel/template" "7.0.0-beta.56"
    "@babel/types" "7.0.0-beta.56"

"@babel/helper-get-function-arity@7.0.0-beta.56":
  version "7.0.0-beta.56"
  resolved "https://registry.yarnpkg.com/@babel/helper-get-function-arity/-/helper-get-function-arity-7.0.0-beta.56.tgz#872864d67e25705b94d1c71afc72344aafc8dc9c"
  dependencies:
    "@babel/types" "7.0.0-beta.56"

"@babel/helper-split-export-declaration@7.0.0-beta.56":
  version "7.0.0-beta.56"
  resolved "https://registry.yarnpkg.com/@babel/helper-split-export-declaration/-/helper-split-export-declaration-7.0.0-beta.56.tgz#82d53382836134ba3ed0ea2394ca21fe579ec241"
  dependencies:
    "@babel/types" "7.0.0-beta.56"

"@babel/helpers@7.0.0-beta.56":
  version "7.0.0-beta.56"
  resolved "https://registry.yarnpkg.com/@babel/helpers/-/helpers-7.0.0-beta.56.tgz#a01cac1481c6fa38197ae410137539045b160443"
  dependencies:
    "@babel/template" "7.0.0-beta.56"
    "@babel/traverse" "7.0.0-beta.56"
    "@babel/types" "7.0.0-beta.56"

"@babel/highlight@7.0.0-beta.56":
  version "7.0.0-beta.56"
  resolved "https://registry.yarnpkg.com/@babel/highlight/-/highlight-7.0.0-beta.56.tgz#f8b0fc8c5c2de53bb2c12f9001ad3d99e573696d"
  dependencies:
    chalk "^2.0.0"
    esutils "^2.0.2"
    js-tokens "^3.0.0"

"@babel/parser@7.0.0-beta.56":
  version "7.0.0-beta.56"
  resolved "https://registry.yarnpkg.com/@babel/parser/-/parser-7.0.0-beta.56.tgz#8638aa02e0130cd10b2ba4128e2b804112073ed3"

"@babel/template@7.0.0-beta.56":
  version "7.0.0-beta.56"
  resolved "https://registry.yarnpkg.com/@babel/template/-/template-7.0.0-beta.56.tgz#a428197e0c9db142f8581cbfdcfa9289b0dd7fd7"
  dependencies:
    "@babel/code-frame" "7.0.0-beta.56"
    "@babel/parser" "7.0.0-beta.56"
    "@babel/types" "7.0.0-beta.56"
    lodash "^4.17.10"

"@babel/traverse@7.0.0-beta.56":
  version "7.0.0-beta.56"
  resolved "https://registry.yarnpkg.com/@babel/traverse/-/traverse-7.0.0-beta.56.tgz#62fdfe69328cfaad414ef01844f5ab40e32f4ad0"
  dependencies:
    "@babel/code-frame" "7.0.0-beta.56"
    "@babel/generator" "7.0.0-beta.56"
    "@babel/helper-function-name" "7.0.0-beta.56"
    "@babel/helper-split-export-declaration" "7.0.0-beta.56"
    "@babel/parser" "7.0.0-beta.56"
    "@babel/types" "7.0.0-beta.56"
    debug "^3.1.0"
    globals "^11.1.0"
    lodash "^4.17.10"

"@babel/types@7.0.0-beta.56":
  version "7.0.0-beta.56"
  resolved "https://registry.yarnpkg.com/@babel/types/-/types-7.0.0-beta.56.tgz#df456947a82510ec30361971e566110d89489056"
  dependencies:
    esutils "^2.0.2"
    lodash "^4.17.10"
    to-fast-properties "^2.0.0"

ansi-styles@^3.2.1:
  version "3.2.1"
  resolved "https://registry.yarnpkg.com/ansi-styles/-/ansi-styles-3.2.1.tgz#41fbb20243e50b12be0f04b8dedbf07520ce841d"
  dependencies:
    color-convert "^1.9.0"

chalk@^2.0.0:
  version "2.4.1"
  resolved "https://registry.yarnpkg.com/chalk/-/chalk-2.4.1.tgz#18c49ab16a037b6eb0152cc83e3471338215b66e"
  dependencies:
    ansi-styles "^3.2.1"
    escape-string-regexp "^1.0.5"
    supports-color "^5.3.0"

color-convert@^1.9.0:
  version "1.9.2"
  resolved "https://registry.yarnpkg.com/color-convert/-/color-convert-1.9.2.tgz#49881b8fba67df12a96bdf3f56c0aab9e7913147"
  dependencies:
    color-name "1.1.1"

color-name@1.1.1:
  version "1.1.1"
  resolved "https://registry.yarnpkg.com/color-name/-/color-name-1.1.1.tgz#4b1415304cf50028ea81643643bd82ea05803689"

convert-source-map@^1.1.0:
  version "1.5.0"
  resolved "https://registry.yarnpkg.com/convert-source-map/-/convert-source-map-1.5.0.tgz#9acd70851c6d5dfdd93d9282e5edf94a03ff46b5"

debug@^3.1.0:
  version "3.1.0"
  resolved "https://registry.yarnpkg.com/debug/-/debug-3.1.0.tgz#5bb5a0672628b64149566ba16819e61518c67261"
  dependencies:
    ms "2.0.0"

escape-string-regexp@^1.0.5:
  version "1.0.5"
  resolved "https://registry.yarnpkg.com/escape-string-regexp/-/escape-string-regexp-1.0.5.tgz#1b61c0562190a8dff6ae3bb2cf0200ca130b86d4"

esutils@^2.0.2:
  version "2.0.2"
  resolved "https://registry.yarnpkg.com/esutils/-/esutils-2.0.2.tgz#0abf4f1caa5bcb1f7a9d8acc6dea4faaa04bac9b"

flow-bin@^0.46.0:
  version "0.46.0"
  resolved "https://registry.yarnpkg.com/flow-bin/-/flow-bin-0.46.0.tgz#06ad7fe19dddb1042264438064a2a32fee12b872"

globals@^11.1.0:
  version "11.7.0"
  resolved "https://registry.yarnpkg.com/globals/-/globals-11.7.0.tgz#a583faa43055b1aca771914bf68258e2fc125673"

has-flag@^3.0.0:
  version "3.0.0"
  resolved "https://registry.yarnpkg.com/has-flag/-/has-flag-3.0.0.tgz#b5d454dc2199ae225699f3467e5a07f3b955bafd"

js-tokens@^3.0.0:
  version "3.0.1"
  resolved "https://registry.yarnpkg.com/js-tokens/-/js-tokens-3.0.1.tgz#08e9f132484a2c45a30907e9dc4d5567b7f114d7"

jsesc@^2.5.1:
  version "2.5.1"
  resolved "https://registry.yarnpkg.com/jsesc/-/jsesc-2.5.1.tgz#e421a2a8e20d6b0819df28908f782526b96dd1fe"

json5@^0.5.0:
  version "0.5.1"
  resolved "https://registry.yarnpkg.com/json5/-/json5-0.5.1.tgz#1eade7acc012034ad84e2396767ead9fa5495821"

lodash@^4.17.10:
  version "4.17.10"
  resolved "https://registry.yarnpkg.com/lodash/-/lodash-4.17.10.tgz#1b7793cf7259ea38fb3661d4d38b3260af8ae4e7"

ms@2.0.0:
  version "2.0.0"
  resolved "https://registry.yarnpkg.com/ms/-/ms-2.0.0.tgz#5608aeadfc00be6c2901df5f9861788de0d597c8"

path-parse@^1.0.5:
  version "1.0.5"
  resolved "https://registry.yarnpkg.com/path-parse/-/path-parse-1.0.5.tgz#3c1adf871ea9cd6c9431b6ea2bd74a0ff055c4c1"

resolve@^1.3.2:
  version "1.8.1"
  resolved "https://registry.yarnpkg.com/resolve/-/resolve-1.8.1.tgz#82f1ec19a423ac1fbd080b0bab06ba36e84a7a26"
  dependencies:
    path-parse "^1.0.5"

semver@^5.4.1:
  version "5.5.0"
  resolved "https://registry.yarnpkg.com/semver/-/semver-5.5.0.tgz#dc4bbc7a6ca9d916dee5d43516f0092b58f7b8ab"

source-map@^0.5.0:
  version "0.5.6"
  resolved "https://registry.yarnpkg.com/source-map/-/source-map-0.5.6.tgz#75ce38f52bf0733c5a7f0c118d81334a2bb5f412"

supports-color@^5.3.0:
  version "5.4.0"
  resolved "https://registry.yarnpkg.com/supports-color/-/supports-color-5.4.0.tgz#1c6b337402c2137605efe19f10fec390f6faab54"
  dependencies:
    has-flag "^3.0.0"

to-fast-properties@^2.0.0:
  version "2.0.0"
  resolved "https://registry.yarnpkg.com/to-fast-properties/-/to-fast-properties-2.0.0.tgz#dc5e698cbd079265bc73e0377681a4e4e83f616e"

trim-right@^1.0.1:
  version "1.0.1"
  resolved "https://registry.yarnpkg.com/trim-right/-/trim-right-1.0.1.tgz#cb2e1203067e0c8de1f614094b9fe45704ea6003"
